
Microsoft Visual Studio Solution File, Format Version 12.00
# Visual Studio Version 17
VisualStudioVersion = 17.2.32602.215
MinimumVisualStudioVersion = 10.0.40219.1
Project("{FAE04EC0-301F-11D3-BF4B-00C04F79EFBC}") = "LoginForm", "LoginForm\LoginForm.csproj", "{FC60EC58-40E6-45EC-B863-EC687EDD707A}"
EndProject
Global
	GlobalSection(SolutionConfigurationPlatforms) = preSolution
		Debug|Any CPU = Debug|Any CPU
		Release|Any CPU = Release|Any CPU
	EndGlobalSection
	GlobalSection(ProjectConfigurationPlatforms) = postSolution
		{FC60EC58-40E6-45EC-B863-EC687EDD707A}.Debug|Any CPU.ActiveCfg = Debug|Any CPU
		{FC60EC58-40E6-45EC-B863-EC687EDD707A}.Debug|Any CPU.Build.0 = Debug|Any CPU
		{FC60EC58-40E6-45EC-B863-EC687EDD707A}.Release|Any CPU.ActiveCfg = Release|Any CPU
		{FC60EC58-40E6-45EC-B863-EC687EDD707A}.Release|Any CPU.Build.0 = Release|Any CPU
	EndGlobalSection
	GlobalSection(SolutionProperties) = preSolution
		HideSolutionNode = FALSE
	EndGlobalSection
	GlobalSection(ExtensibilityGlobals) = postSolution
		SolutionGuid = {D49A2D20-C46D-49C9-A5EF-5C9AD91301A5}
	EndGlobalSection
EndGlobal
